
Microsoft Visual Studio Solution File, Format Version 12.00
# Visual Studio Version 16
VisualStudioVersion = 16.0.29920.165
MinimumVisualStudioVersion = 10.0.40219.1
Project("{FAE04EC0-301F-11D3-BF4B-00C04F79EFBC}") = "QUIZPDKP2020", "TugasAkhir\QUIZPDKP2020.csproj", "{9B616CFA-81DA-4FF7-939B-21CA2C2ECCB7}"
EndProject
Global
	GlobalSection(SolutionConfigurationPlatforms) = preSolution
		Debug|Any CPU = Debug|Any CPU
		Release|Any CPU = Release|Any CPU
	EndGlobalSection
	GlobalSection(ProjectConfigurationPlatforms) = postSolution
		{9B616CFA-81DA-4FF7-939B-21CA2C2ECCB7}.Debug|Any CPU.ActiveCfg = Debug|Any CPU
		{9B616CFA-81DA-4FF7-939B-21CA2C2ECCB7}.Debug|Any CPU.Build.0 = Debug|Any CPU
		{9B616CFA-81DA-4FF7-939B-21CA2C2ECCB7}.Release|Any CPU.ActiveCfg = Release|Any CPU
		{9B616CFA-81DA-4FF7-939B-21CA2C2ECCB7}.Release|Any CPU.Build.0 = Release|Any CPU
	EndGlobalSection
	GlobalSection(SolutionProperties) = preSolution
		HideSolutionNode = FALSE
	EndGlobalSection
	GlobalSection(ExtensibilityGlobals) = postSolution
		SolutionGuid = {E88116FA-A04B-433A-BC0E-21302ADC0B73}
	EndGlobalSection
EndGlobal
